{
  "name": "micepoly",
  "version": "1.0.0",
  "lockfileVersion": 1,
  "requires": true,
  "dependencies": {
    "luamin": {
      "version": "1.0.4",
      "resolved": "https://registry.npmjs.org/luamin/-/luamin-1.0.4.tgz",
      "integrity": "sha1-lEUptY/G+k0x6s4uA1PUEhDw49M=",
      "requires": {
        "luaparse": "^0.2.1"
      }
    },
    "luaparse": {
      "version": "0.2.1",
      "resolved": "https://registry.npmjs.org/luaparse/-/luaparse-0.2.1.tgz",
      "integrity": "sha1-qo9WEysN6X0388mRqd9C4OF/ZWw="
    },
    "nodemin": {
      "version": "1.0.1",
      "resolved": "https://registry.npmjs.org/nodemin/-/nodemin-1.0.1.tgz",
      "integrity": "sha512-0A85vHn/2K8jNt04zetz7vygqwkF2SOKgVMeKaoD87RJz1kP1TAEMyL83lPeNeFH7W9xeQ4k++QQExvkidI/4g=="
    }
  }
}
